
Microsoft Visual Studio Solution File, Format Version 12.00
# Visual Studio Version 16
VisualStudioVersion = 16.0.31515.178
MinimumVisualStudioVersion = 10.0.40219.1
Project("{FAE04EC0-301F-11D3-BF4B-00C04F79EFBC}") = "Lesson-12", "Lesson-12\Lesson-12.csproj", "{A28B6CAB-80BB-4436-AEA6-69B57FC0ABB5}"
EndProject
Global
	GlobalSection(SolutionConfigurationPlatforms) = preSolution
		Debug|Any CPU = Debug|Any CPU
		Release|Any CPU = Release|Any CPU
	EndGlobalSection
	GlobalSection(ProjectConfigurationPlatforms) = postSolution
		{A28B6CAB-80BB-4436-AEA6-69B57FC0ABB5}.Debug|Any CPU.ActiveCfg = Debug|Any CPU
		{A28B6CAB-80BB-4436-AEA6-69B57FC0ABB5}.Debug|Any CPU.Build.0 = Debug|Any CPU
		{A28B6CAB-80BB-4436-AEA6-69B57FC0ABB5}.Release|Any CPU.ActiveCfg = Release|Any CPU
		{A28B6CAB-80BB-4436-AEA6-69B57FC0ABB5}.Release|Any CPU.Build.0 = Release|Any CPU
	EndGlobalSection
	GlobalSection(SolutionProperties) = preSolution
		HideSolutionNode = FALSE
	EndGlobalSection
	GlobalSection(ExtensibilityGlobals) = postSolution
		SolutionGuid = {B8BCF84A-7675-4B85-B502-71B936916F7E}
	EndGlobalSection
EndGlobal
